// !$*UTF8*$!
{
	archiveVersion = 1;
	classes = {
	};
	objectVersion = 50;
	objects = {

/* Begin PBXBuildFile section */
		0102F4DA26CB44F400000945 /* Constants.swift in Sources */ = {isa = PBXBuildFile; fileRef = 0102F4D926CB44F400000945 /* Constants.swift */; };
		0102F4DE26CC02F900000945 /* TaskViewController.swift in Sources */ = {isa = PBXBuildFile; fileRef = 0102F4DD26CC02F900000945 /* TaskViewController.swift */; };
		0135C2A826CC6A3400732596 /* TaskInfoViewController.swift in Sources */ = {isa = PBXBuildFile; fileRef = 0135C2A726CC6A3400732596 /* TaskInfoViewController.swift */; };
		013E918B2706C639008DC590 /* SettingsViewController.swift in Sources */ = {isa = PBXBuildFile; fileRef = 013E918A2706C639008DC590 /* SettingsViewController.swift */; };
		013E918E2706C7B9008DC590 /* MyCell.swift in Sources */ = {isa = PBXBuildFile; fileRef = 013E918C2706C7B9008DC590 /* MyCell.swift */; };
		013E918F2706C7B9008DC590 /* MyCell.xib in Resources */ = {isa = PBXBuildFile; fileRef = 013E918D2706C7B9008DC590 /* MyCell.xib */; };
		013E91922707758B008DC590 /* TabBarController.swift in Sources */ = {isa = PBXBuildFile; fileRef = 013E91912707758B008DC590 /* TabBarController.swift */; };
		01595F01270526B200A5A3C8 /* Colors.swift in Sources */ = {isa = PBXBuildFile; fileRef = 01595F00270526B200A5A3C8 /* Colors.swift */; };
		01640DA326CA92C1000CC565 /* AppDelegate.swift in Sources */ = {isa = PBXBuildFile; fileRef = 01640DA226CA92C1000CC565 /* AppDelegate.swift */; };
		01640DA526CA92C1000CC565 /* SceneDelegate.swift in Sources */ = {isa = PBXBuildFile; fileRef = 01640DA426CA92C1000CC565 /* SceneDelegate.swift */; };
		01640DA726CA92C1000CC565 /* GroupViewController.swift in Sources */ = {isa = PBXBuildFile; fileRef = 01640DA626CA92C1000CC565 /* GroupViewController.swift */; };
		01640DAA26CA92C1000CC565 /* Main.storyboard in Resources */ = {isa = PBXBuildFile; fileRef = 01640DA826CA92C1000CC565 /* Main.storyboard */; };
		01640DAD26CA92C1000CC565 /* TaskShare.xcdatamodeld in Sources */ = {isa = PBXBuildFile; fileRef = 01640DAB26CA92C1000CC565 /* TaskShare.xcdatamodeld */; };
		01640DAF26CA92C4000CC565 /* Assets.xcassets in Resources */ = {isa = PBXBuildFile; fileRef = 01640DAE26CA92C4000CC565 /* Assets.xcassets */; };
		01640DB226CA92C4000CC565 /* LaunchScreen.storyboard in Resources */ = {isa = PBXBuildFile; fileRef = 01640DB026CA92C4000CC565 /* LaunchScreen.storyboard */; };
		0165F8B626E974B700F79788 /* TodayViewController.swift in Sources */ = {isa = PBXBuildFile; fileRef = 0165F8B526E974B700F79788 /* TodayViewController.swift */; };
		0165F8B926EC463D00F79788 /* Date+Extension+UIViewController.swift in Sources */ = {isa = PBXBuildFile; fileRef = 0165F8B826EC463D00F79788 /* Date+Extension+UIViewController.swift */; };
		016BDFF626F6464800727DC6 /* UITextView + Extension.swift in Sources */ = {isa = PBXBuildFile; fileRef = 016BDFF526F6464800727DC6 /* UITextView + Extension.swift */; };
		016BDFFB26F6966D00727DC6 /* CloudKit.framework in Frameworks */ = {isa = PBXBuildFile; fileRef = 016BDFFA26F6966D00727DC6 /* CloudKit.framework */; };
		0172B8D9272475A700A98190 /* TaskViewController+Sharing.swift in Sources */ = {isa = PBXBuildFile; fileRef = 0172B8D8272475A700A98190 /* TaskViewController+Sharing.swift */; };
		019262B02738709E00E2BF72 /* TSButton.swift in Sources */ = {isa = PBXBuildFile; fileRef = 019262AF2738709E00E2BF72 /* TSButton.swift */; };
		01A20DA1272DACE9003438D3 /* TSEmptyStateView.swift in Sources */ = {isa = PBXBuildFile; fileRef = 01A20DA0272DACE9003438D3 /* TSEmptyStateView.swift */; };
		01A20DA3272DAE6B003438D3 /* TSLabel.swift in Sources */ = {isa = PBXBuildFile; fileRef = 01A20DA2272DAE6B003438D3 /* TSLabel.swift */; };
		01AB47CB272A2F8A00ED36C2 /* TSContainerView.swift in Sources */ = {isa = PBXBuildFile; fileRef = 01AB47CA272A2F8A00ED36C2 /* TSContainerView.swift */; };
		01AB47CD272A467B00ED36C2 /* SnackBarVC.swift in Sources */ = {isa = PBXBuildFile; fileRef = 01AB47CC272A467B00ED36C2 /* SnackBarVC.swift */; };
		01AB47D0272A508E00ED36C2 /* UIViewController+Extension.swift in Sources */ = {isa = PBXBuildFile; fileRef = 01AB47CF272A508E00ED36C2 /* UIViewController+Extension.swift */; };
		01ACC71126E6DC360030650C /* CustomAction.swift in Sources */ = {isa = PBXBuildFile; fileRef = 01ACC71026E6DC360030650C /* CustomAction.swift */; };
		01ACC71326E6DD2C0030650C /* Alert+Extension+UIViewController.swift in Sources */ = {isa = PBXBuildFile; fileRef = 01ACC71226E6DD2C0030650C /* Alert+Extension+UIViewController.swift */; };
		01ACC71626E7A61C0030650C /* Menu+Extension+TaskViewController.swift in Sources */ = {isa = PBXBuildFile; fileRef = 01ACC71526E7A61C0030650C /* Menu+Extension+TaskViewController.swift */; };
		01C33702270CAD3B0025F1FB /* UIColor+Extension.swift in Sources */ = {isa = PBXBuildFile; fileRef = 01C33701270CAD330025F1FB /* UIColor+Extension.swift */; };
		01E2A77F26E65A4200BE5956 /* CoreDataHelper.swift in Sources */ = {isa = PBXBuildFile; fileRef = 01E2A77E26E65A4200BE5956 /* CoreDataHelper.swift */; };
		01F88DAF26D5319D00C0A76B /* TaskTableViewCell.swift in Sources */ = {isa = PBXBuildFile; fileRef = 01F88DAE26D5319D00C0A76B /* TaskTableViewCell.swift */; };
/* End PBXBuildFile section */

/* Begin PBXFileReference section */
		0102F4D926CB44F400000945 /* Constants.swift */ = {isa = PBXFileReference; lastKnownFileType = sourcecode.swift; path = Constants.swift; sourceTree = "<group>"; };
		0102F4DD26CC02F900000945 /* TaskViewController.swift */ = {isa = PBXFileReference; lastKnownFileType = sourcecode.swift; path = TaskViewController.swift; sourceTree = "<group>"; };
		0135C2A726CC6A3400732596 /* TaskInfoViewController.swift */ = {isa = PBXFileReference; lastKnownFileType = sourcecode.swift; path = TaskInfoViewController.swift; sourceTree = "<group>"; };
		013E918A2706C639008DC590 /* SettingsViewController.swift */ = {isa = PBXFileReference; lastKnownFileType = sourcecode.swift; name = SettingsViewController.swift; path = TaskShare/Controller/SettingsViewController.swift; sourceTree = SOURCE_ROOT; };
		013E918C2706C7B9008DC590 /* MyCell.swift */ = {isa = PBXFileReference; lastKnownFileType = sourcecode.swift; path = MyCell.swift; sourceTree = "<group>"; };
		013E918D2706C7B9008DC590 /* MyCell.xib */ = {isa = PBXFileReference; lastKnownFileType = file.xib; path = MyCell.xib; sourceTree = "<group>"; };
		013E91912707758B008DC590 /* TabBarController.swift */ = {isa = PBXFileReference; lastKnownFileType = sourcecode.swift; path = TabBarController.swift; sourceTree = "<group>"; };
		013E91942707B587008DC590 /* README.md */ = {isa = PBXFileReference; lastKnownFileType = net.daringfireball.markdown; path = README.md; sourceTree = "<group>"; };
		01595F00270526B200A5A3C8 /* Colors.swift */ = {isa = PBXFileReference; lastKnownFileType = sourcecode.swift; path = Colors.swift; sourceTree = "<group>"; };
		01640D9F26CA92C1000CC565 /* TaskShare.app */ = {isa = PBXFileReference; explicitFileType = wrapper.application; includeInIndex = 0; path = TaskShare.app; sourceTree = BUILT_PRODUCTS_DIR; };
		01640DA226CA92C1000CC565 /* AppDelegate.swift */ = {isa = PBXFileReference; lastKnownFileType = sourcecode.swift; path = AppDelegate.swift; sourceTree = "<group>"; };
		01640DA426CA92C1000CC565 /* SceneDelegate.swift */ = {isa = PBXFileReference; lastKnownFileType = sourcecode.swift; path = SceneDelegate.swift; sourceTree = "<group>"; };
		01640DA626CA92C1000CC565 /* GroupViewController.swift */ = {isa = PBXFileReference; lastKnownFileType = sourcecode.swift; path = GroupViewController.swift; sourceTree = "<group>"; };
		01640DA926CA92C1000CC565 /* Base */ = {isa = PBXFileReference; lastKnownFileType = file.storyboard; name = Base; path = Base.lproj/Main.storyboard; sourceTree = "<group>"; };
		01640DAC26CA92C1000CC565 /* TaskShare.xcdatamodel */ = {isa = PBXFileReference; lastKnownFileType = wrapper.xcdatamodel; path = TaskShare.xcdatamodel; sourceTree = "<group>"; };
		01640DAE26CA92C4000CC565 /* Assets.xcassets */ = {isa = PBXFileReference; lastKnownFileType = folder.assetcatalog; path = Assets.xcassets; sourceTree = "<group>"; };
		01640DB126CA92C4000CC565 /* Base */ = {isa = PBXFileReference; lastKnownFileType = file.storyboard; name = Base; path = Base.lproj/LaunchScreen.storyboard; sourceTree = "<group>"; };
		01640DB326CA92C4000CC565 /* Info.plist */ = {isa = PBXFileReference; lastKnownFileType = text.plist.xml; path = Info.plist; sourceTree = "<group>"; };
		0165F8B526E974B700F79788 /* TodayViewController.swift */ = {isa = PBXFileReference; lastKnownFileType = sourcecode.swift; path = TodayViewController.swift; sourceTree = "<group>"; };
		0165F8B826EC463D00F79788 /* Date+Extension+UIViewController.swift */ = {isa = PBXFileReference; lastKnownFileType = sourcecode.swift; path = "Date+Extension+UIViewController.swift"; sourceTree = "<group>"; };
		016BDFF526F6464800727DC6 /* UITextView + Extension.swift */ = {isa = PBXFileReference; lastKnownFileType = sourcecode.swift; path = "UITextView + Extension.swift"; sourceTree = "<group>"; };
		016BDFF826F6962400727DC6 /* TaskShare.entitlements */ = {isa = PBXFileReference; lastKnownFileType = text.plist.entitlements; path = TaskShare.entitlements; sourceTree = "<group>"; };
		016BDFFA26F6966D00727DC6 /* CloudKit.framework */ = {isa = PBXFileReference; lastKnownFileType = wrapper.framework; name = CloudKit.framework; path = System/Library/Frameworks/CloudKit.framework; sourceTree = SDKROOT; };
		0172B8D8272475A700A98190 /* TaskViewController+Sharing.swift */ = {isa = PBXFileReference; lastKnownFileType = sourcecode.swift; path = "TaskViewController+Sharing.swift"; sourceTree = "<group>"; };
		019262AF2738709E00E2BF72 /* TSButton.swift */ = {isa = PBXFileReference; lastKnownFileType = sourcecode.swift; path = TSButton.swift; sourceTree = "<group>"; };
		01A20DA0272DACE9003438D3 /* TSEmptyStateView.swift */ = {isa = PBXFileReference; lastKnownFileType = sourcecode.swift; path = TSEmptyStateView.swift; sourceTree = "<group>"; };
		01A20DA2272DAE6B003438D3 /* TSLabel.swift */ = {isa = PBXFileReference; lastKnownFileType = sourcecode.swift; path = TSLabel.swift; sourceTree = "<group>"; };
		01AB47CA272A2F8A00ED36C2 /* TSContainerView.swift */ = {isa = PBXFileReference; lastKnownFileType = sourcecode.swift; path = TSContainerView.swift; sourceTree = "<group>"; };
		01AB47CC272A467B00ED36C2 /* SnackBarVC.swift */ = {isa = PBXFileReference; lastKnownFileType = sourcecode.swift; path = SnackBarVC.swift; sourceTree = "<group>"; };
		01AB47CF272A508E00ED36C2 /* UIViewController+Extension.swift */ = {isa = PBXFileReference; lastKnownFileType = sourcecode.swift; path = "UIViewController+Extension.swift"; sourceTree = "<group>"; };
		01ACC71026E6DC360030650C /* CustomAction.swift */ = {isa = PBXFileReference; lastKnownFileType = sourcecode.swift; path = CustomAction.swift; sourceTree = "<group>"; };
		01ACC71226E6DD2C0030650C /* Alert+Extension+UIViewController.swift */ = {isa = PBXFileReference; lastKnownFileType = sourcecode.swift; path = "Alert+Extension+UIViewController.swift"; sourceTree = "<group>"; };
		01ACC71526E7A61C0030650C /* Menu+Extension+TaskViewController.swift */ = {isa = PBXFileReference; lastKnownFileType = sourcecode.swift; path = "Menu+Extension+TaskViewController.swift"; sourceTree = "<group>"; };
		01C33701270CAD330025F1FB /* UIColor+Extension.swift */ = {isa = PBXFileReference; lastKnownFileType = sourcecode.swift; name = "UIColor+Extension.swift"; path = "../../../UIColor+Extension.swift"; sourceTree = "<group>"; };
		01E2A77E26E65A4200BE5956 /* CoreDataHelper.swift */ = {isa = PBXFileReference; lastKnownFileType = sourcecode.swift; path = CoreDataHelper.swift; sourceTree = "<group>"; };
		01F88DAE26D5319D00C0A76B /* TaskTableViewCell.swift */ = {isa = PBXFileReference; lastKnownFileType = sourcecode.swift; path = TaskTableViewCell.swift; sourceTree = "<group>"; };
/* End PBXFileReference section */

/* Begin PBXFrameworksBuildPhase section */
		01640D9C26CA92C1000CC565 /* Frameworks */ = {
			isa = PBXFrameworksBuildPhase;
			buildActionMask = 2147483647;
			files = (
				016BDFFB26F6966D00727DC6 /* CloudKit.framework in Frameworks */,
			);
			runOnlyForDeploymentPostprocessing = 0;
		};
/* End PBXFrameworksBuildPhase section */

/* Begin PBXGroup section */
		010F1CD1270C98B20089EF86 /* Colors */ = {
			isa = PBXGroup;
			children = (
				01595F00270526B200A5A3C8 /* Colors.swift */,
				01C33701270CAD330025F1FB /* UIColor+Extension.swift */,
			);
			path = Colors;
			sourceTree = "<group>";
		};
		013E9190270769E9008DC590 /* CollectionView Cells */ = {
			isa = PBXGroup;
			children = (
				013E918C2706C7B9008DC590 /* MyCell.swift */,
				013E918D2706C7B9008DC590 /* MyCell.xib */,
			);
			path = "CollectionView Cells";
			sourceTree = "<group>";
		};
		01640D9626CA92C1000CC565 = {
			isa = PBXGroup;
			children = (
				013E91942707B587008DC590 /* README.md */,
				01640DA126CA92C1000CC565 /* TaskShare */,
				01640DA026CA92C1000CC565 /* Products */,
				016BDFF926F6966D00727DC6 /* Frameworks */,
			);
			sourceTree = "<group>";
		};
		01640DA026CA92C1000CC565 /* Products */ = {
			isa = PBXGroup;
			children = (
				01640D9F26CA92C1000CC565 /* TaskShare.app */,
			);
			name = Products;
			sourceTree = "<group>";
		};
		01640DA126CA92C1000CC565 /* TaskShare */ = {
			isa = PBXGroup;
			children = (
				016BDFF826F6962400727DC6 /* TaskShare.entitlements */,
				01640DBB26CA965C000CC565 /* Controller */,
				01640DB926CA9642000CC565 /* Model */,
				01640DBA26CA964A000CC565 /* View */,
				01640DBC26CA9666000CC565 /* Supporting */,
				01640DB326CA92C4000CC565 /* Info.plist */,
			);
			path = TaskShare;
			sourceTree = "<group>";
		};
		01640DB926CA9642000CC565 /* Model */ = {
			isa = PBXGroup;
			children = (
				01640DAB26CA92C1000CC565 /* TaskShare.xcdatamodeld */,
				01E2A77E26E65A4200BE5956 /* CoreDataHelper.swift */,
			);
			path = Model;
			sourceTree = "<group>";
		};
		01640DBA26CA964A000CC565 /* View */ = {
			isa = PBXGroup;
			children = (
				01A20DA4272DAE70003438D3 /* UIElements */,
				01A20D9F272DACB7003438D3 /* Empty State */,
				01F88DAE26D5319D00C0A76B /* TaskTableViewCell.swift */,
				01AB47C9272A2F5E00ED36C2 /* Snack Bar */,
				01ACC70F26E6DC1E0030650C /* Alerts */,
				013E9190270769E9008DC590 /* CollectionView Cells */,
				010F1CD1270C98B20089EF86 /* Colors */,
				01ACC71426E7A6010030650C /* Menu */,
				016BDFF726F6466300727DC6 /* UITextView */,
			);
			path = View;
			sourceTree = "<group>";
		};
		01640DBB26CA965C000CC565 /* Controller */ = {
			isa = PBXGroup;
			children = (
				01640DA626CA92C1000CC565 /* GroupViewController.swift */,
				0102F4DD26CC02F900000945 /* TaskViewController.swift */,
				0135C2A726CC6A3400732596 /* TaskInfoViewController.swift */,
				0165F8B526E974B700F79788 /* TodayViewController.swift */,
				013E918A2706C639008DC590 /* SettingsViewController.swift */,
				013E91912707758B008DC590 /* TabBarController.swift */,
			);
			path = Controller;
			sourceTree = "<group>";
		};
		01640DBC26CA9666000CC565 /* Supporting */ = {
			isa = PBXGroup;
			children = (
				01AB47CE272A507200ED36C2 /* Extensions */,
				0102F4D926CB44F400000945 /* Constants.swift */,
				0165F8B726EC462300F79788 /* Date */,
				01640DA226CA92C1000CC565 /* AppDelegate.swift */,
				01640DA426CA92C1000CC565 /* SceneDelegate.swift */,
				01640DA826CA92C1000CC565 /* Main.storyboard */,
				01640DB026CA92C4000CC565 /* LaunchScreen.storyboard */,
				01640DAE26CA92C4000CC565 /* Assets.xcassets */,
			);
			path = Supporting;
			sourceTree = "<group>";
		};
		0165F8B726EC462300F79788 /* Date */ = {
			isa = PBXGroup;
			children = (
				0165F8B826EC463D00F79788 /* Date+Extension+UIViewController.swift */,
			);
			path = Date;
			sourceTree = "<group>";
		};
		016BDFF726F6466300727DC6 /* UITextView */ = {
			isa = PBXGroup;
			children = (
				016BDFF526F6464800727DC6 /* UITextView + Extension.swift */,
			);
			path = UITextView;
			sourceTree = "<group>";
		};
		016BDFF926F6966D00727DC6 /* Frameworks */ = {
			isa = PBXGroup;
			children = (
				016BDFFA26F6966D00727DC6 /* CloudKit.framework */,
			);
			name = Frameworks;
			sourceTree = "<group>";
		};
		01A20D9F272DACB7003438D3 /* Empty State */ = {
			isa = PBXGroup;
			children = (
				01A20DA0272DACE9003438D3 /* TSEmptyStateView.swift */,
			);
			path = "Empty State";
			sourceTree = "<group>";
		};
		01A20DA4272DAE70003438D3 /* UIElements */ = {
			isa = PBXGroup;
			children = (
				01A20DA2272DAE6B003438D3 /* TSLabel.swift */,
				019262AF2738709E00E2BF72 /* TSButton.swift */,
			);
			path = UIElements;
			sourceTree = "<group>";
		};
		01AB47C9272A2F5E00ED36C2 /* Snack Bar */ = {
			isa = PBXGroup;
			children = (
				01AB47CA272A2F8A00ED36C2 /* TSContainerView.swift */,
				01AB47CC272A467B00ED36C2 /* SnackBarVC.swift */,
			);
			path = "Snack Bar";
			sourceTree = "<group>";
		};
		01AB47CE272A507200ED36C2 /* Extensions */ = {
			isa = PBXGroup;
			children = (
				0172B8D8272475A700A98190 /* TaskViewController+Sharing.swift */,
				01AB47CF272A508E00ED36C2 /* UIViewController+Extension.swift */,
			);
			path = Extensions;
			sourceTree = "<group>";
		};
		01ACC70F26E6DC1E0030650C /* Alerts */ = {
			isa = PBXGroup;
			children = (
				01ACC71026E6DC360030650C /* CustomAction.swift */,
				01ACC71226E6DD2C0030650C /* Alert+Extension+UIViewController.swift */,
			);
			path = Alerts;
			sourceTree = "<group>";
		};
		01ACC71426E7A6010030650C /* Menu */ = {
			isa = PBXGroup;
			children = (
				01ACC71526E7A61C0030650C /* Menu+Extension+TaskViewController.swift */,
			);
			path = Menu;
			sourceTree = "<group>";
		};
/* End PBXGroup section */

/* Begin PBXNativeTarget section */
		01640D9E26CA92C1000CC565 /* TaskShare */ = {
			isa = PBXNativeTarget;
			buildConfigurationList = 01640DB626CA92C4000CC565 /* Build configuration list for PBXNativeTarget "TaskShare" */;
			buildPhases = (
				01640D9B26CA92C1000CC565 /* Sources */,
				01640D9C26CA92C1000CC565 /* Frameworks */,
				01640D9D26CA92C1000CC565 /* Resources */,
			);
			buildRules = (
			);
			dependencies = (
			);
			name = TaskShare;
			productName = TaskShare;
			productReference = 01640D9F26CA92C1000CC565 /* TaskShare.app */;
			productType = "com.apple.product-type.application";
		};
/* End PBXNativeTarget section */

/* Begin PBXProject section */
		01640D9726CA92C1000CC565 /* Project object */ = {
			isa = PBXProject;
			attributes = {
				LastSwiftUpdateCheck = 1250;
				LastUpgradeCheck = 1250;
				TargetAttributes = {
					01640D9E26CA92C1000CC565 = {
						CreatedOnToolsVersion = 12.5;
					};
				};
			};
			buildConfigurationList = 01640D9A26CA92C1000CC565 /* Build configuration list for PBXProject "TaskShare" */;
			compatibilityVersion = "Xcode 9.3";
			developmentRegion = en;
			hasScannedForEncodings = 0;
			knownRegions = (
				en,
				Base,
			);
			mainGroup = 01640D9626CA92C1000CC565;
			productRefGroup = 01640DA026CA92C1000CC565 /* Products */;
			projectDirPath = "";
			projectRoot = "";
			targets = (
				01640D9E26CA92C1000CC565 /* TaskShare */,
			);
		};
/* End PBXProject section */

/* Begin PBXResourcesBuildPhase section */
		01640D9D26CA92C1000CC565 /* Resources */ = {
			isa = PBXResourcesBuildPhase;
			buildActionMask = 2147483647;
			files = (
				01640DB226CA92C4000CC565 /* LaunchScreen.storyboard in Resources */,
				013E918F2706C7B9008DC590 /* MyCell.xib in Resources */,
				01640DAF26CA92C4000CC565 /* Assets.xcassets in Resources */,
				01640DAA26CA92C1000CC565 /* Main.storyboard in Resources */,
			);
			runOnlyForDeploymentPostprocessing = 0;
		};
/* End PBXResourcesBuildPhase section */

/* Begin PBXSourcesBuildPhase section */
		01640D9B26CA92C1000CC565 /* Sources */ = {
			isa = PBXSourcesBuildPhase;
			buildActionMask = 2147483647;
			files = (
				01AB47D0272A508E00ED36C2 /* UIViewController+Extension.swift in Sources */,
				01C33702270CAD3B0025F1FB /* UIColor+Extension.swift in Sources */,
				01A20DA1272DACE9003438D3 /* TSEmptyStateView.swift in Sources */,
				0172B8D9272475A700A98190 /* TaskViewController+Sharing.swift in Sources */,
				01E2A77F26E65A4200BE5956 /* CoreDataHelper.swift in Sources */,
				01F88DAF26D5319D00C0A76B /* TaskTableViewCell.swift in Sources */,
				0102F4DE26CC02F900000945 /* TaskViewController.swift in Sources */,
				0135C2A826CC6A3400732596 /* TaskInfoViewController.swift in Sources */,
				01ACC71126E6DC360030650C /* CustomAction.swift in Sources */,
				01ACC71626E7A61C0030650C /* Menu+Extension+TaskViewController.swift in Sources */,
				0102F4DA26CB44F400000945 /* Constants.swift in Sources */,
				019262B02738709E00E2BF72 /* TSButton.swift in Sources */,
				016BDFF626F6464800727DC6 /* UITextView + Extension.swift in Sources */,
				0165F8B626E974B700F79788 /* TodayViewController.swift in Sources */,
				01AB47CB272A2F8A00ED36C2 /* TSContainerView.swift in Sources */,
				01595F01270526B200A5A3C8 /* Colors.swift in Sources */,
				01AB47CD272A467B00ED36C2 /* SnackBarVC.swift in Sources */,
				013E91922707758B008DC590 /* TabBarController.swift in Sources */,
				01A20DA3272DAE6B003438D3 /* TSLabel.swift in Sources */,
				0165F8B926EC463D00F79788 /* Date+Extension+UIViewController.swift in Sources */,
				01640DAD26CA92C1000CC565 /* TaskShare.xcdatamodeld in Sources */,
				013E918B2706C639008DC590 /* SettingsViewController.swift in Sources */,
				01640DA726CA92C1000CC565 /* GroupViewController.swift in Sources */,
				01ACC71326E6DD2C0030650C /* Alert+Extension+UIViewController.swift in Sources */,
				013E918E2706C7B9008DC590 /* MyCell.swift in Sources */,
				01640DA326CA92C1000CC565 /* AppDelegate.swift in Sources */,
				01640DA526CA92C1000CC565 /* SceneDelegate.swift in Sources */,
			);
			runOnlyForDeploymentPostprocessing = 0;
		};
/* End PBXSourcesBuildPhase section */

/* Begin PBXVariantGroup section */
		01640DA826CA92C1000CC565 /* Main.storyboard */ = {
			isa = PBXVariantGroup;
			children = (
				01640DA926CA92C1000CC565 /* Base */,
			);
			name = Main.storyboard;
			sourceTree = "<group>";
		};
		01640DB026CA92C4000CC565 /* LaunchScreen.storyboard */ = {
			isa = PBXVariantGroup;
			children = (
				01640DB126CA92C4000CC565 /* Base */,
			);
			name = LaunchScreen.storyboard;
			sourceTree = "<group>";
		};
/* End PBXVariantGroup section */

/* Begin XCBuildConfiguration section */
		01640DB426CA92C4000CC565 /* Debug */ = {
			isa = XCBuildConfiguration;
			buildSettings = {
				ALWAYS_SEARCH_USER_PATHS = NO;
				CLANG_ANALYZER_NONNULL = YES;
				CLANG_ANALYZER_NUMBER_OBJECT_CONVERSION = YES_AGGRESSIVE;
				CLANG_CXX_LANGUAGE_STANDARD = "gnu++14";
				CLANG_CXX_LIBRARY = "libc++";
				CLANG_ENABLE_MODULES = YES;
				CLANG_ENABLE_OBJC_ARC = YES;
				CLANG_ENABLE_OBJC_WEAK = YES;
				CLANG_WARN_BLOCK_CAPTURE_AUTORELEASING = YES;
				CLANG_WARN_BOOL_CONVERSION = YES;
				CLANG_WARN_COMMA = YES;
				CLANG_WARN_CONSTANT_CONVERSION = YES;
				CLANG_WARN_DEPRECATED_OBJC_IMPLEMENTATIONS = YES;
				CLANG_WARN_DIRECT_OBJC_ISA_USAGE = YES_ERROR;
				CLANG_WARN_DOCUMENTATION_COMMENTS = YES;
				CLANG_WARN_EMPTY_BODY = YES;
				CLANG_WARN_ENUM_CONVERSION = YES;
				CLANG_WARN_INFINITE_RECURSION = YES;
				CLANG_WARN_INT_CONVERSION = YES;
				CLANG_WARN_NON_LITERAL_NULL_CONVERSION = YES;
				CLANG_WARN_OBJC_IMPLICIT_RETAIN_SELF = YES;
				CLANG_WARN_OBJC_LITERAL_CONVERSION = YES;
				CLANG_WARN_OBJC_ROOT_CLASS = YES_ERROR;
				CLANG_WARN_QUOTED_INCLUDE_IN_FRAMEWORK_HEADER = YES;
				CLANG_WARN_RANGE_LOOP_ANALYSIS = YES;
				CLANG_WARN_STRICT_PROTOTYPES = YES;
				CLANG_WARN_SUSPICIOUS_MOVE = YES;
				CLANG_WARN_UNGUARDED_AVAILABILITY = YES_AGGRESSIVE;
				CLANG_WARN_UNREACHABLE_CODE = YES;
				CLANG_WARN__DUPLICATE_METHOD_MATCH = YES;
				COPY_PHASE_STRIP = NO;
				DEBUG_INFORMATION_FORMAT = dwarf;
				ENABLE_STRICT_OBJC_MSGSEND = YES;
				ENABLE_TESTABILITY = YES;
				GCC_C_LANGUAGE_STANDARD = gnu11;
				GCC_DYNAMIC_NO_PIC = NO;
				GCC_NO_COMMON_BLOCKS = YES;
				GCC_OPTIMIZATION_LEVEL = 0;
				GCC_PREPROCESSOR_DEFINITIONS = (
					"DEBUG=1",
					"$(inherited)",
				);
				GCC_WARN_64_TO_32_BIT_CONVERSION = YES;
				GCC_WARN_ABOUT_RETURN_TYPE = YES_ERROR;
				GCC_WARN_UNDECLARED_SELECTOR = YES;
				GCC_WARN_UNINITIALIZED_AUTOS = YES_AGGRESSIVE;
				GCC_WARN_UNUSED_FUNCTION = YES;
				GCC_WARN_UNUSED_VARIABLE = YES;
				IPHONEOS_DEPLOYMENT_TARGET = 14.5;
				MTL_ENABLE_DEBUG_INFO = INCLUDE_SOURCE;
				MTL_FAST_MATH = YES;
				ONLY_ACTIVE_ARCH = YES;
				SDKROOT = iphoneos;
				SWIFT_ACTIVE_COMPILATION_CONDITIONS = DEBUG;
				SWIFT_OPTIMIZATION_LEVEL = "-Onone";
			};
			name = Debug;
		};
		01640DB526CA92C4000CC565 /* Release */ = {
			isa = XCBuildConfiguration;
			buildSettings = {
				ALWAYS_SEARCH_USER_PATHS = NO;
				CLANG_ANALYZER_NONNULL = YES;
				CLANG_ANALYZER_NUMBER_OBJECT_CONVERSION = YES_AGGRESSIVE;
				CLANG_CXX_LANGUAGE_STANDARD = "gnu++14";
				CLANG_CXX_LIBRARY = "libc++";
				CLANG_ENABLE_MODULES = YES;
				CLANG_ENABLE_OBJC_ARC = YES;
				CLANG_ENABLE_OBJC_WEAK = YES;
				CLANG_WARN_BLOCK_CAPTURE_AUTORELEASING = YES;
				CLANG_WARN_BOOL_CONVERSION = YES;
				CLANG_WARN_COMMA = YES;
				CLANG_WARN_CONSTANT_CONVERSION = YES;
				CLANG_WARN_DEPRECATED_OBJC_IMPLEMENTATIONS = YES;
				CLANG_WARN_DIRECT_OBJC_ISA_USAGE = YES_ERROR;
				CLANG_WARN_DOCUMENTATION_COMMENTS = YES;
				CLANG_WARN_EMPTY_BODY = YES;
				CLANG_WARN_ENUM_CONVERSION = YES;
				CLANG_WARN_INFINITE_RECURSION = YES;
				CLANG_WARN_INT_CONVERSION = YES;
				CLANG_WARN_NON_LITERAL_NULL_CONVERSION = YES;
				CLANG_WARN_OBJC_IMPLICIT_RETAIN_SELF = YES;
				CLANG_WARN_OBJC_LITERAL_CONVERSION = YES;
				CLANG_WARN_OBJC_ROOT_CLASS = YES_ERROR;
				CLANG_WARN_QUOTED_INCLUDE_IN_FRAMEWORK_HEADER = YES;
				CLANG_WARN_RANGE_LOOP_ANALYSIS = YES;
				CLANG_WARN_STRICT_PROTOTYPES = YES;
				CLANG_WARN_SUSPICIOUS_MOVE = YES;
				CLANG_WARN_UNGUARDED_AVAILABILITY = YES_AGGRESSIVE;
				CLANG_WARN_UNREACHABLE_CODE = YES;
				CLANG_WARN__DUPLICATE_METHOD_MATCH = YES;
				COPY_PHASE_STRIP = NO;
				DEBUG_INFORMATION_FORMAT = "dwarf-with-dsym";
				ENABLE_NS_ASSERTIONS = NO;
				ENABLE_STRICT_OBJC_MSGSEND = YES;
				GCC_C_LANGUAGE_STANDARD = gnu11;
				GCC_NO_COMMON_BLOCKS = YES;
				GCC_WARN_64_TO_32_BIT_CONVERSION = YES;
				GCC_WARN_ABOUT_RETURN_TYPE = YES_ERROR;
				GCC_WARN_UNDECLARED_SELECTOR = YES;
				GCC_WARN_UNINITIALIZED_AUTOS = YES_AGGRESSIVE;
				GCC_WARN_UNUSED_FUNCTION = YES;
				GCC_WARN_UNUSED_VARIABLE = YES;
				IPHONEOS_DEPLOYMENT_TARGET = 14.5;
				MTL_ENABLE_DEBUG_INFO = NO;
				MTL_FAST_MATH = YES;
				SDKROOT = iphoneos;
				SWIFT_COMPILATION_MODE = wholemodule;
				SWIFT_OPTIMIZATION_LEVEL = "-O";
				VALIDATE_PRODUCT = YES;
			};
			name = Release;
		};
		01640DB726CA92C4000CC565 /* Debug */ = {
			isa = XCBuildConfiguration;
			buildSettings = {
				ASSETCATALOG_COMPILER_APPICON_NAME = AppIcon;
				ASSETCATALOG_COMPILER_GLOBAL_ACCENT_COLOR_NAME = AccentColor;
				CODE_SIGN_ENTITLEMENTS = TaskShare/TaskShare.entitlements;
				CODE_SIGN_STYLE = Automatic;
				CURRENT_PROJECT_VERSION = 2;
				DEVELOPMENT_TEAM = V88BNY2LA6;
				INFOPLIST_FILE = TaskShare/Info.plist;
				IPHONEOS_DEPLOYMENT_TARGET = 15.0;
				LD_RUNPATH_SEARCH_PATHS = (
					"$(inherited)",
					"@executable_path/Frameworks",
				);
				MARKETING_VERSION = 0.1.0;
				PRODUCT_BUNDLE_IDENTIFIER = dev.staceymoore.TaskShare;
				PRODUCT_NAME = "$(TARGET_NAME)";
				SWIFT_VERSION = 5.0;
				TARGETED_DEVICE_FAMILY = 1;
			};
			name = Debug;
		};
		01640DB826CA92C4000CC565 /* Release */ = {
			isa = XCBuildConfiguration;
			buildSettings = {
				ASSETCATALOG_COMPILER_APPICON_NAME = AppIcon;
				ASSETCATALOG_COMPILER_GLOBAL_ACCENT_COLOR_NAME = AccentColor;
				CODE_SIGN_ENTITLEMENTS = TaskShare/TaskShare.entitlements;
				CODE_SIGN_STYLE = Automatic;
				CURRENT_PROJECT_VERSION = 2;
				DEVELOPMENT_TEAM = V88BNY2LA6;
				INFOPLIST_FILE = TaskShare/Info.plist;
				"INFOPLIST_FILE[sdk=*]" = TaskShare/Info.plist;
				IPHONEOS_DEPLOYMENT_TARGET = 15.0;
				LD_RUNPATH_SEARCH_PATHS = (
					"$(inherited)",
					"@executable_path/Frameworks",
				);
				MARKETING_VERSION = 0.1.0;
				PRODUCT_BUNDLE_IDENTIFIER = dev.staceymoore.TaskShare;
				PRODUCT_NAME = "$(TARGET_NAME)";
				SWIFT_VERSION = 5.0;
				TARGETED_DEVICE_FAMILY = 1;
			};
			name = Release;
		};
/* End XCBuildConfiguration section */

/* Begin XCConfigurationList section */
		01640D9A26CA92C1000CC565 /* Build configuration list for PBXProject "TaskShare" */ = {
			isa = XCConfigurationList;
			buildConfigurations = (
				01640DB426CA92C4000CC565 /* Debug */,
				01640DB526CA92C4000CC565 /* Release */,
			);
			defaultConfigurationIsVisible = 0;
			defaultConfigurationName = Release;
		};
		01640DB626CA92C4000CC565 /* Build configuration list for PBXNativeTarget "TaskShare" */ = {
			isa = XCConfigurationList;
			buildConfigurations = (
				01640DB726CA92C4000CC565 /* Debug */,
				01640DB826CA92C4000CC565 /* Release */,
			);
			defaultConfigurationIsVisible = 0;
			defaultConfigurationName = Release;
		};
/* End XCConfigurationList section */

/* Begin XCVersionGroup section */
		01640DAB26CA92C1000CC565 /* TaskShare.xcdatamodeld */ = {
			isa = XCVersionGroup;
			children = (
				01640DAC26CA92C1000CC565 /* TaskShare.xcdatamodel */,
			);
			currentVersion = 01640DAC26CA92C1000CC565 /* TaskShare.xcdatamodel */;
			path = TaskShare.xcdatamodeld;
			sourceTree = "<group>";
			versionGroupType = wrapper.xcdatamodel;
		};
/* End XCVersionGroup section */
	};
	rootObject = 01640D9726CA92C1000CC565 /* Project object */;
}
