// !$*UTF8*$!
{
	archiveVersion = 1;
	classes = {
	};
	objectVersion = 50;
	objects = {

/* Begin PBXBuildFile section */
		0102F4DA26CB44F400000945 /* Constants.swift in Sources */ = {isa = PBXBuildFile; fileRef = 0102F4D926CB44F400000945 /* Constants.swift */; };
		0102F4DE26CC02F900000945 /* TaskViewController.swift in Sources */ = {isa = PBXBuildFile; fileRef = 0102F4DD26CC02F900000945 /* TaskViewController.swift */; };
		0135C2A826CC6A3400732596 /* TaskInfoViewController.swift in Sources */ = {isa = PBXBuildFile; fileRef = 0135C2A726CC6A3400732596 /* TaskInfoViewController.swift */; };
		01640DA326CA92C1000CC565 /* AppDelegate.swift in Sources */ = {isa = PBXBuildFile; fileRef = 01640DA226CA92C1000CC565 /* AppDelegate.swift */; };
		01640DA526CA92C1000CC565 /* SceneDelegate.swift in Sources */ = {isa = PBXBuildFile; fileRef = 01640DA426CA92C1000CC565 /* SceneDelegate.swift */; };
		01640DA726CA92C1000CC565 /* GroupViewController.swift in Sources */ = {isa = PBXBuildFile; fileRef = 01640DA626CA92C1000CC565 /* GroupViewController.swift */; };
		01640DAA26CA92C1000CC565 /* Main.storyboard in Resources */ = {isa = PBXBuildFile; fileRef = 01640DA826CA92C1000CC565 /* Main.storyboard */; };
		01640DAD26CA92C1000CC565 /* TaskShare.xcdatamodeld in Sources */ = {isa = PBXBuildFile; fileRef = 01640DAB26CA92C1000CC565 /* TaskShare.xcdatamodeld */; };
		01640DAF26CA92C4000CC565 /* Assets.xcassets in Resources */ = {isa = PBXBuildFile; fileRef = 01640DAE26CA92C4000CC565 /* Assets.xcassets */; };
		01640DB226CA92C4000CC565 /* LaunchScreen.storyboard in Resources */ = {isa = PBXBuildFile; fileRef = 01640DB026CA92C4000CC565 /* LaunchScreen.storyboard */; };
		0165F8B626E974B700F79788 /* TodayViewController.swift in Sources */ = {isa = PBXBuildFile; fileRef = 0165F8B526E974B700F79788 /* TodayViewController.swift */; };
		0165F8B926EC463D00F79788 /* extension+UIViewController.swift in Sources */ = {isa = PBXBuildFile; fileRef = 0165F8B826EC463D00F79788 /* extension+UIViewController.swift */; };
		01ACC71126E6DC360030650C /* CustomAction.swift in Sources */ = {isa = PBXBuildFile; fileRef = 01ACC71026E6DC360030650C /* CustomAction.swift */; };
		01ACC71326E6DD2C0030650C /* Extension+GroupViewController.swift in Sources */ = {isa = PBXBuildFile; fileRef = 01ACC71226E6DD2C0030650C /* Extension+GroupViewController.swift */; };
		01ACC71626E7A61C0030650C /* Menu+Extension+TaskViewController.swift in Sources */ = {isa = PBXBuildFile; fileRef = 01ACC71526E7A61C0030650C /* Menu+Extension+TaskViewController.swift */; };
		01E2A77F26E65A4200BE5956 /* CoreDataHelper.swift in Sources */ = {isa = PBXBuildFile; fileRef = 01E2A77E26E65A4200BE5956 /* CoreDataHelper.swift */; };
		01F88DAF26D5319D00C0A76B /* TaskTableViewCell.swift in Sources */ = {isa = PBXBuildFile; fileRef = 01F88DAE26D5319D00C0A76B /* TaskTableViewCell.swift */; };
/* End PBXBuildFile section */

/* Begin PBXFileReference section */
		0102F4D926CB44F400000945 /* Constants.swift */ = {isa = PBXFileReference; lastKnownFileType = sourcecode.swift; path = Constants.swift; sourceTree = "<group>"; };
		0102F4DD26CC02F900000945 /* TaskViewController.swift */ = {isa = PBXFileReference; lastKnownFileType = sourcecode.swift; path = TaskViewController.swift; sourceTree = "<group>"; };
		0135C2A726CC6A3400732596 /* TaskInfoViewController.swift */ = {isa = PBXFileReference; lastKnownFileType = sourcecode.swift; path = TaskInfoViewController.swift; sourceTree = "<group>"; };
		01640D9F26CA92C1000CC565 /* TaskShare.app */ = {isa = PBXFileReference; explicitFileType = wrapper.application; includeInIndex = 0; path = TaskShare.app; sourceTree = BUILT_PRODUCTS_DIR; };
		01640DA226CA92C1000CC565 /* AppDelegate.swift */ = {isa = PBXFileReference; lastKnownFileType = sourcecode.swift; path = AppDelegate.swift; sourceTree = "<group>"; };
		01640DA426CA92C1000CC565 /* SceneDelegate.swift */ = {isa = PBXFileReference; lastKnownFileType = sourcecode.swift; path = SceneDelegate.swift; sourceTree = "<group>"; };
		01640DA626CA92C1000CC565 /* GroupViewController.swift */ = {isa = PBXFileReference; lastKnownFileType = sourcecode.swift; path = GroupViewController.swift; sourceTree = "<group>"; };
		01640DA926CA92C1000CC565 /* Base */ = {isa = PBXFileReference; lastKnownFileType = file.storyboard; name = Base; path = Base.lproj/Main.storyboard; sourceTree = "<group>"; };
		01640DAC26CA92C1000CC565 /* TaskShare.xcdatamodel */ = {isa = PBXFileReference; lastKnownFileType = wrapper.xcdatamodel; path = TaskShare.xcdatamodel; sourceTree = "<group>"; };
		01640DAE26CA92C4000CC565 /* Assets.xcassets */ = {isa = PBXFileReference; lastKnownFileType = folder.assetcatalog; path = Assets.xcassets; sourceTree = "<group>"; };
		01640DB126CA92C4000CC565 /* Base */ = {isa = PBXFileReference; lastKnownFileType = file.storyboard; name = Base; path = Base.lproj/LaunchScreen.storyboard; sourceTree = "<group>"; };
		01640DB326CA92C4000CC565 /* Info.plist */ = {isa = PBXFileReference; lastKnownFileType = text.plist.xml; path = Info.plist; sourceTree = "<group>"; };
		0165F8B526E974B700F79788 /* TodayViewController.swift */ = {isa = PBXFileReference; lastKnownFileType = sourcecode.swift; path = TodayViewController.swift; sourceTree = "<group>"; };
		0165F8B826EC463D00F79788 /* extension+UIViewController.swift */ = {isa = PBXFileReference; lastKnownFileType = sourcecode.swift; path = "extension+UIViewController.swift"; sourceTree = "<group>"; };
		01ACC71026E6DC360030650C /* CustomAction.swift */ = {isa = PBXFileReference; lastKnownFileType = sourcecode.swift; path = CustomAction.swift; sourceTree = "<group>"; };
		01ACC71226E6DD2C0030650C /* Extension+GroupViewController.swift */ = {isa = PBXFileReference; lastKnownFileType = sourcecode.swift; path = "Extension+GroupViewController.swift"; sourceTree = "<group>"; };
		01ACC71526E7A61C0030650C /* Menu+Extension+TaskViewController.swift */ = {isa = PBXFileReference; lastKnownFileType = sourcecode.swift; path = "Menu+Extension+TaskViewController.swift"; sourceTree = "<group>"; };
		01E2A77E26E65A4200BE5956 /* CoreDataHelper.swift */ = {isa = PBXFileReference; lastKnownFileType = sourcecode.swift; path = CoreDataHelper.swift; sourceTree = "<group>"; };
		01F88DAE26D5319D00C0A76B /* TaskTableViewCell.swift */ = {isa = PBXFileReference; lastKnownFileType = sourcecode.swift; path = TaskTableViewCell.swift; sourceTree = "<group>"; };
/* End PBXFileReference section */

/* Begin PBXFrameworksBuildPhase section */
		01640D9C26CA92C1000CC565 /* Frameworks */ = {
			isa = PBXFrameworksBuildPhase;
			buildActionMask = 2147483647;
			files = (
			);
			runOnlyForDeploymentPostprocessing = 0;
		};
/* End PBXFrameworksBuildPhase section */

/* Begin PBXGroup section */
		01640D9626CA92C1000CC565 = {
			isa = PBXGroup;
			children = (
				01640DA126CA92C1000CC565 /* TaskShare */,
				01640DA026CA92C1000CC565 /* Products */,
			);
			sourceTree = "<group>";
		};
		01640DA026CA92C1000CC565 /* Products */ = {
			isa = PBXGroup;
			children = (
				01640D9F26CA92C1000CC565 /* TaskShare.app */,
			);
			name = Products;
			sourceTree = "<group>";
		};
		01640DA126CA92C1000CC565 /* TaskShare */ = {
			isa = PBXGroup;
			children = (
				0165F8B726EC462300F79788 /* Date */,
				01640DBB26CA965C000CC565 /* Controller */,
				01640DB926CA9642000CC565 /* Model */,
				01640DBA26CA964A000CC565 /* View */,
				01640DBC26CA9666000CC565 /* Supporting */,
				01640DA226CA92C1000CC565 /* AppDelegate.swift */,
				01640DA426CA92C1000CC565 /* SceneDelegate.swift */,
				01640DB326CA92C4000CC565 /* Info.plist */,
			);
			path = TaskShare;
			sourceTree = "<group>";
		};
		01640DB926CA9642000CC565 /* Model */ = {
			isa = PBXGroup;
			children = (
				01640DAB26CA92C1000CC565 /* TaskShare.xcdatamodeld */,
				01E2A77E26E65A4200BE5956 /* CoreDataHelper.swift */,
			);
			path = Model;
			sourceTree = "<group>";
		};
		01640DBA26CA964A000CC565 /* View */ = {
			isa = PBXGroup;
			children = (
				01ACC71426E7A6010030650C /* Menu */,
				01ACC70F26E6DC1E0030650C /* Alerts */,
				01640DA826CA92C1000CC565 /* Main.storyboard */,
				01F88DAE26D5319D00C0A76B /* TaskTableViewCell.swift */,
			);
			path = View;
			sourceTree = "<group>";
		};
		01640DBB26CA965C000CC565 /* Controller */ = {
			isa = PBXGroup;
			children = (
				01640DA626CA92C1000CC565 /* GroupViewController.swift */,
				0102F4DD26CC02F900000945 /* TaskViewController.swift */,
				0135C2A726CC6A3400732596 /* TaskInfoViewController.swift */,
				0165F8B526E974B700F79788 /* TodayViewController.swift */,
			);
			path = Controller;
			sourceTree = "<group>";
		};
		01640DBC26CA9666000CC565 /* Supporting */ = {
			isa = PBXGroup;
			children = (
				01640DB026CA92C4000CC565 /* LaunchScreen.storyboard */,
				01640DAE26CA92C4000CC565 /* Assets.xcassets */,
				0102F4D926CB44F400000945 /* Constants.swift */,
			);
			path = Supporting;
			sourceTree = "<group>";
		};
		0165F8B726EC462300F79788 /* Date */ = {
			isa = PBXGroup;
			children = (
				0165F8B826EC463D00F79788 /* extension+UIViewController.swift */,
			);
			path = Date;
			sourceTree = "<group>";
		};
		01ACC70F26E6DC1E0030650C /* Alerts */ = {
			isa = PBXGroup;
			children = (
				01ACC71026E6DC360030650C /* CustomAction.swift */,
				01ACC71226E6DD2C0030650C /* Extension+GroupViewController.swift */,
			);
			path = Alerts;
			sourceTree = "<group>";
		};
		01ACC71426E7A6010030650C /* Menu */ = {
			isa = PBXGroup;
			children = (
				01ACC71526E7A61C0030650C /* Menu+Extension+TaskViewController.swift */,
			);
			path = Menu;
			sourceTree = "<group>";
		};
/* End PBXGroup section */

/* Begin PBXNativeTarget section */
		01640D9E26CA92C1000CC565 /* TaskShare */ = {
			isa = PBXNativeTarget;
			buildConfigurationList = 01640DB626CA92C4000CC565 /* Build configuration list for PBXNativeTarget "TaskShare" */;
			buildPhases = (
				01640D9B26CA92C1000CC565 /* Sources */,
				01640D9C26CA92C1000CC565 /* Frameworks */,
				01640D9D26CA92C1000CC565 /* Resources */,
			);
			buildRules = (
			);
			dependencies = (
			);
			name = TaskShare;
			productName = TaskShare;
			productReference = 01640D9F26CA92C1000CC565 /* TaskShare.app */;
			productType = "com.apple.product-type.application";
		};
/* End PBXNativeTarget section */

/* Begin PBXProject section */
		01640D9726CA92C1000CC565 /* Project object */ = {
			isa = PBXProject;
			attributes = {
				LastSwiftUpdateCheck = 1250;
				LastUpgradeCheck = 1250;
				TargetAttributes = {
					01640D9E26CA92C1000CC565 = {
						CreatedOnToolsVersion = 12.5;
					};
				};
			};
			buildConfigurationList = 01640D9A26CA92C1000CC565 /* Build configuration list for PBXProject "TaskShare" */;
			compatibilityVersion = "Xcode 9.3";
			developmentRegion = en;
			hasScannedForEncodings = 0;
			knownRegions = (
				en,
				Base,
			);
			mainGroup = 01640D9626CA92C1000CC565;
			productRefGroup = 01640DA026CA92C1000CC565 /* Products */;
			projectDirPath = "";
			projectRoot = "";
			targets = (
				01640D9E26CA92C1000CC565 /* TaskShare */,
			);
		};
/* End PBXProject section */

/* Begin PBXResourcesBuildPhase section */
		01640D9D26CA92C1000CC565 /* Resources */ = {
			isa = PBXResourcesBuildPhase;
			buildActionMask = 2147483647;
			files = (
				01640DB226CA92C4000CC565 /* LaunchScreen.storyboard in Resources */,
				01640DAF26CA92C4000CC565 /* Assets.xcassets in Resources */,
				01640DAA26CA92C1000CC565 /* Main.storyboard in Resources */,
			);
			runOnlyForDeploymentPostprocessing = 0;
		};
/* End PBXResourcesBuildPhase section */

/* Begin PBXSourcesBuildPhase section */
		01640D9B26CA92C1000CC565 /* Sources */ = {
			isa = PBXSourcesBuildPhase;
			buildActionMask = 2147483647;
			files = (
				01E2A77F26E65A4200BE5956 /* CoreDataHelper.swift in Sources */,
				01F88DAF26D5319D00C0A76B /* TaskTableViewCell.swift in Sources */,
				0102F4DE26CC02F900000945 /* TaskViewController.swift in Sources */,
				0135C2A826CC6A3400732596 /* TaskInfoViewController.swift in Sources */,
				01ACC71126E6DC360030650C /* CustomAction.swift in Sources */,
				01ACC71626E7A61C0030650C /* Menu+Extension+TaskViewController.swift in Sources */,
				0102F4DA26CB44F400000945 /* Constants.swift in Sources */,
				0165F8B626E974B700F79788 /* TodayViewController.swift in Sources */,
				0165F8B926EC463D00F79788 /* extension+UIViewController.swift in Sources */,
				01640DAD26CA92C1000CC565 /* TaskShare.xcdatamodeld in Sources */,
				01640DA726CA92C1000CC565 /* GroupViewController.swift in Sources */,
				01ACC71326E6DD2C0030650C /* Extension+GroupViewController.swift in Sources */,
				01640DA326CA92C1000CC565 /* AppDelegate.swift in Sources */,
				01640DA526CA92C1000CC565 /* SceneDelegate.swift in Sources */,
			);
			runOnlyForDeploymentPostprocessing = 0;
		};
/* End PBXSourcesBuildPhase section */

/* Begin PBXVariantGroup section */
		01640DA826CA92C1000CC565 /* Main.storyboard */ = {
			isa = PBXVariantGroup;
			children = (
				01640DA926CA92C1000CC565 /* Base */,
			);
			name = Main.storyboard;
			sourceTree = "<group>";
		};
		01640DB026CA92C4000CC565 /* LaunchScreen.storyboard */ = {
			isa = PBXVariantGroup;
			children = (
				01640DB126CA92C4000CC565 /* Base */,
			);
			name = LaunchScreen.storyboard;
			sourceTree = "<group>";
		};
/* End PBXVariantGroup section */

/* Begin XCBuildConfiguration section */
		01640DB426CA92C4000CC565 /* Debug */ = {
			isa = XCBuildConfiguration;
			buildSettings = {
				ALWAYS_SEARCH_USER_PATHS = NO;
				CLANG_ANALYZER_NONNULL = YES;
				CLANG_ANALYZER_NUMBER_OBJECT_CONVERSION = YES_AGGRESSIVE;
				CLANG_CXX_LANGUAGE_STANDARD = "gnu++14";
				CLANG_CXX_LIBRARY = "libc++";
				CLANG_ENABLE_MODULES = YES;
				CLANG_ENABLE_OBJC_ARC = YES;
				CLANG_ENABLE_OBJC_WEAK = YES;
				CLANG_WARN_BLOCK_CAPTURE_AUTORELEASING = YES;
				CLANG_WARN_BOOL_CONVERSION = YES;
				CLANG_WARN_COMMA = YES;
				CLANG_WARN_CONSTANT_CONVERSION = YES;
				CLANG_WARN_DEPRECATED_OBJC_IMPLEMENTATIONS = YES;
				CLANG_WARN_DIRECT_OBJC_ISA_USAGE = YES_ERROR;
				CLANG_WARN_DOCUMENTATION_COMMENTS = YES;
				CLANG_WARN_EMPTY_BODY = YES;
				CLANG_WARN_ENUM_CONVERSION = YES;
				CLANG_WARN_INFINITE_RECURSION = YES;
				CLANG_WARN_INT_CONVERSION = YES;
				CLANG_WARN_NON_LITERAL_NULL_CONVERSION = YES;
				CLANG_WARN_OBJC_IMPLICIT_RETAIN_SELF = YES;
				CLANG_WARN_OBJC_LITERAL_CONVERSION = YES;
				CLANG_WARN_OBJC_ROOT_CLASS = YES_ERROR;
				CLANG_WARN_QUOTED_INCLUDE_IN_FRAMEWORK_HEADER = YES;
				CLANG_WARN_RANGE_LOOP_ANALYSIS = YES;
				CLANG_WARN_STRICT_PROTOTYPES = YES;
				CLANG_WARN_SUSPICIOUS_MOVE = YES;
				CLANG_WARN_UNGUARDED_AVAILABILITY = YES_AGGRESSIVE;
				CLANG_WARN_UNREACHABLE_CODE = YES;
				CLANG_WARN__DUPLICATE_METHOD_MATCH = YES;
				COPY_PHASE_STRIP = NO;
				DEBUG_INFORMATION_FORMAT = dwarf;
				ENABLE_STRICT_OBJC_MSGSEND = YES;
				ENABLE_TESTABILITY = YES;
				GCC_C_LANGUAGE_STANDARD = gnu11;
				GCC_DYNAMIC_NO_PIC = NO;
				GCC_NO_COMMON_BLOCKS = YES;
				GCC_OPTIMIZATION_LEVEL = 0;
				GCC_PREPROCESSOR_DEFINITIONS = (
					"DEBUG=1",
					"$(inherited)",
				);
				GCC_WARN_64_TO_32_BIT_CONVERSION = YES;
				GCC_WARN_ABOUT_RETURN_TYPE = YES_ERROR;
				GCC_WARN_UNDECLARED_SELECTOR = YES;
				GCC_WARN_UNINITIALIZED_AUTOS = YES_AGGRESSIVE;
				GCC_WARN_UNUSED_FUNCTION = YES;
				GCC_WARN_UNUSED_VARIABLE = YES;
				IPHONEOS_DEPLOYMENT_TARGET = 14.5;
				MTL_ENABLE_DEBUG_INFO = INCLUDE_SOURCE;
				MTL_FAST_MATH = YES;
				ONLY_ACTIVE_ARCH = YES;
				SDKROOT = iphoneos;
				SWIFT_ACTIVE_COMPILATION_CONDITIONS = DEBUG;
				SWIFT_OPTIMIZATION_LEVEL = "-Onone";
			};
			name = Debug;
		};
		01640DB526CA92C4000CC565 /* Release */ = {
			isa = XCBuildConfiguration;
			buildSettings = {
				ALWAYS_SEARCH_USER_PATHS = NO;
				CLANG_ANALYZER_NONNULL = YES;
				CLANG_ANALYZER_NUMBER_OBJECT_CONVERSION = YES_AGGRESSIVE;
				CLANG_CXX_LANGUAGE_STANDARD = "gnu++14";
				CLANG_CXX_LIBRARY = "libc++";
				CLANG_ENABLE_MODULES = YES;
				CLANG_ENABLE_OBJC_ARC = YES;
				CLANG_ENABLE_OBJC_WEAK = YES;
				CLANG_WARN_BLOCK_CAPTURE_AUTORELEASING = YES;
				CLANG_WARN_BOOL_CONVERSION = YES;
				CLANG_WARN_COMMA = YES;
				CLANG_WARN_CONSTANT_CONVERSION = YES;
				CLANG_WARN_DEPRECATED_OBJC_IMPLEMENTATIONS = YES;
				CLANG_WARN_DIRECT_OBJC_ISA_USAGE = YES_ERROR;
				CLANG_WARN_DOCUMENTATION_COMMENTS = YES;
				CLANG_WARN_EMPTY_BODY = YES;
				CLANG_WARN_ENUM_CONVERSION = YES;
				CLANG_WARN_INFINITE_RECURSION = YES;
				CLANG_WARN_INT_CONVERSION = YES;
				CLANG_WARN_NON_LITERAL_NULL_CONVERSION = YES;
				CLANG_WARN_OBJC_IMPLICIT_RETAIN_SELF = YES;
				CLANG_WARN_OBJC_LITERAL_CONVERSION = YES;
				CLANG_WARN_OBJC_ROOT_CLASS = YES_ERROR;
				CLANG_WARN_QUOTED_INCLUDE_IN_FRAMEWORK_HEADER = YES;
				CLANG_WARN_RANGE_LOOP_ANALYSIS = YES;
				CLANG_WARN_STRICT_PROTOTYPES = YES;
				CLANG_WARN_SUSPICIOUS_MOVE = YES;
				CLANG_WARN_UNGUARDED_AVAILABILITY = YES_AGGRESSIVE;
				CLANG_WARN_UNREACHABLE_CODE = YES;
				CLANG_WARN__DUPLICATE_METHOD_MATCH = YES;
				COPY_PHASE_STRIP = NO;
				DEBUG_INFORMATION_FORMAT = "dwarf-with-dsym";
				ENABLE_NS_ASSERTIONS = NO;
				ENABLE_STRICT_OBJC_MSGSEND = YES;
				GCC_C_LANGUAGE_STANDARD = gnu11;
				GCC_NO_COMMON_BLOCKS = YES;
				GCC_WARN_64_TO_32_BIT_CONVERSION = YES;
				GCC_WARN_ABOUT_RETURN_TYPE = YES_ERROR;
				GCC_WARN_UNDECLARED_SELECTOR = YES;
				GCC_WARN_UNINITIALIZED_AUTOS = YES_AGGRESSIVE;
				GCC_WARN_UNUSED_FUNCTION = YES;
				GCC_WARN_UNUSED_VARIABLE = YES;
				IPHONEOS_DEPLOYMENT_TARGET = 14.5;
				MTL_ENABLE_DEBUG_INFO = NO;
				MTL_FAST_MATH = YES;
				SDKROOT = iphoneos;
				SWIFT_COMPILATION_MODE = wholemodule;
				SWIFT_OPTIMIZATION_LEVEL = "-O";
				VALIDATE_PRODUCT = YES;
			};
			name = Release;
		};
		01640DB726CA92C4000CC565 /* Debug */ = {
			isa = XCBuildConfiguration;
			buildSettings = {
				ASSETCATALOG_COMPILER_APPICON_NAME = AppIcon;
				ASSETCATALOG_COMPILER_GLOBAL_ACCENT_COLOR_NAME = AccentColor;
				CODE_SIGN_STYLE = Automatic;
				DEVELOPMENT_TEAM = V88BNY2LA6;
				INFOPLIST_FILE = TaskShare/Info.plist;
				LD_RUNPATH_SEARCH_PATHS = (
					"$(inherited)",
					"@executable_path/Frameworks",
				);
				PRODUCT_BUNDLE_IDENTIFIER = dev.staceymoore.TaskShare;
				PRODUCT_NAME = "$(TARGET_NAME)";
				SWIFT_VERSION = 5.0;
				TARGETED_DEVICE_FAMILY = "1,2";
			};
			name = Debug;
		};
		01640DB826CA92C4000CC565 /* Release */ = {
			isa = XCBuildConfiguration;
			buildSettings = {
				ASSETCATALOG_COMPILER_APPICON_NAME = AppIcon;
				ASSETCATALOG_COMPILER_GLOBAL_ACCENT_COLOR_NAME = AccentColor;
				CODE_SIGN_STYLE = Automatic;
				DEVELOPMENT_TEAM = V88BNY2LA6;
				INFOPLIST_FILE = TaskShare/Info.plist;
				LD_RUNPATH_SEARCH_PATHS = (
					"$(inherited)",
					"@executable_path/Frameworks",
				);
				PRODUCT_BUNDLE_IDENTIFIER = dev.staceymoore.TaskShare;
				PRODUCT_NAME = "$(TARGET_NAME)";
				SWIFT_VERSION = 5.0;
				TARGETED_DEVICE_FAMILY = "1,2";
			};
			name = Release;
		};
/* End XCBuildConfiguration section */

/* Begin XCConfigurationList section */
		01640D9A26CA92C1000CC565 /* Build configuration list for PBXProject "TaskShare" */ = {
			isa = XCConfigurationList;
			buildConfigurations = (
				01640DB426CA92C4000CC565 /* Debug */,
				01640DB526CA92C4000CC565 /* Release */,
			);
			defaultConfigurationIsVisible = 0;
			defaultConfigurationName = Release;
		};
		01640DB626CA92C4000CC565 /* Build configuration list for PBXNativeTarget "TaskShare" */ = {
			isa = XCConfigurationList;
			buildConfigurations = (
				01640DB726CA92C4000CC565 /* Debug */,
				01640DB826CA92C4000CC565 /* Release */,
			);
			defaultConfigurationIsVisible = 0;
			defaultConfigurationName = Release;
		};
/* End XCConfigurationList section */

/* Begin XCVersionGroup section */
		01640DAB26CA92C1000CC565 /* TaskShare.xcdatamodeld */ = {
			isa = XCVersionGroup;
			children = (
				01640DAC26CA92C1000CC565 /* TaskShare.xcdatamodel */,
			);
			currentVersion = 01640DAC26CA92C1000CC565 /* TaskShare.xcdatamodel */;
			path = TaskShare.xcdatamodeld;
			sourceTree = "<group>";
			versionGroupType = wrapper.xcdatamodel;
		};
/* End XCVersionGroup section */
	};
	rootObject = 01640D9726CA92C1000CC565 /* Project object */;
}
